
Microsoft Visual Studio Solution File, Format Version 12.00
# Visual Studio Version 17
VisualStudioVersion = 17.4.33110.190
MinimumVisualStudioVersion = 10.0.40219.1
Project("{9A19103F-16F7-4668-BE54-9A1E7A4F7556}") = "ReverseString", "ReverseString\ReverseString.csproj", "{77CF49AB-95FD-418C-BECF-7B0510CFA9D9}"
EndProject
Project("{9A19103F-16F7-4668-BE54-9A1E7A4F7556}") = "Benchmark", "Benchmark\Benchmark.csproj", "{1EC7B624-DDAE-432B-9521-8B9353A09B1D}"
EndProject
Project("{FAE04EC0-301F-11D3-BF4B-00C04F79EFBC}") = "ReverseStringTests", "ReverseStringTests\ReverseStringTests.csproj", "{58FB123E-38C8-4592-910C-653B1BB765B0}"
EndProject
Global
	GlobalSection(SolutionConfigurationPlatforms) = preSolution
		Debug|Any CPU = Debug|Any CPU
		Release|Any CPU = Release|Any CPU
	EndGlobalSection
	GlobalSection(ProjectConfigurationPlatforms) = postSolution
		{77CF49AB-95FD-418C-BECF-7B0510CFA9D9}.Debug|Any CPU.ActiveCfg = Debug|Any CPU
		{77CF49AB-95FD-418C-BECF-7B0510CFA9D9}.Debug|Any CPU.Build.0 = Debug|Any CPU
		{77CF49AB-95FD-418C-BECF-7B0510CFA9D9}.Release|Any CPU.ActiveCfg = Release|Any CPU
		{77CF49AB-95FD-418C-BECF-7B0510CFA9D9}.Release|Any CPU.Build.0 = Release|Any CPU
		{1EC7B624-DDAE-432B-9521-8B9353A09B1D}.Debug|Any CPU.ActiveCfg = Debug|Any CPU
		{1EC7B624-DDAE-432B-9521-8B9353A09B1D}.Debug|Any CPU.Build.0 = Debug|Any CPU
		{1EC7B624-DDAE-432B-9521-8B9353A09B1D}.Release|Any CPU.ActiveCfg = Release|Any CPU
		{1EC7B624-DDAE-432B-9521-8B9353A09B1D}.Release|Any CPU.Build.0 = Release|Any CPU
		{58FB123E-38C8-4592-910C-653B1BB765B0}.Debug|Any CPU.ActiveCfg = Debug|Any CPU
		{58FB123E-38C8-4592-910C-653B1BB765B0}.Debug|Any CPU.Build.0 = Debug|Any CPU
		{58FB123E-38C8-4592-910C-653B1BB765B0}.Release|Any CPU.ActiveCfg = Release|Any CPU
		{58FB123E-38C8-4592-910C-653B1BB765B0}.Release|Any CPU.Build.0 = Release|Any CPU
	EndGlobalSection
	GlobalSection(SolutionProperties) = preSolution
		HideSolutionNode = FALSE
	EndGlobalSection
	GlobalSection(ExtensibilityGlobals) = postSolution
		SolutionGuid = {6B91BB46-B0EF-4DC9-B2FF-4F6CDC3A3D82}
	EndGlobalSection
EndGlobal
