
Microsoft Visual Studio Solution File, Format Version 12.00
# Visual Studio Version 17
VisualStudioVersion = 17.4.33110.190
MinimumVisualStudioVersion = 10.0.40219.1
Project("{9A19103F-16F7-4668-BE54-9A1E7A4F7556}") = "SHA1String", "SHA1String\SHA1String.csproj", "{30D2D521-44BB-47AE-AA5C-D2FA2A08FA02}"
EndProject
Project("{FAE04EC0-301F-11D3-BF4B-00C04F79EFBC}") = "SHA1StringTests", "SHA1StringTests\SHA1StringTests.csproj", "{4C53950B-09C3-4A3B-879C-1DE48DBC746C}"
EndProject
Global
	GlobalSection(SolutionConfigurationPlatforms) = preSolution
		Debug|Any CPU = Debug|Any CPU
		Release|Any CPU = Release|Any CPU
	EndGlobalSection
	GlobalSection(ProjectConfigurationPlatforms) = postSolution
		{30D2D521-44BB-47AE-AA5C-D2FA2A08FA02}.Debug|Any CPU.ActiveCfg = Debug|Any CPU
		{30D2D521-44BB-47AE-AA5C-D2FA2A08FA02}.Debug|Any CPU.Build.0 = Debug|Any CPU
		{30D2D521-44BB-47AE-AA5C-D2FA2A08FA02}.Release|Any CPU.ActiveCfg = Release|Any CPU
		{30D2D521-44BB-47AE-AA5C-D2FA2A08FA02}.Release|Any CPU.Build.0 = Release|Any CPU
		{4C53950B-09C3-4A3B-879C-1DE48DBC746C}.Debug|Any CPU.ActiveCfg = Debug|Any CPU
		{4C53950B-09C3-4A3B-879C-1DE48DBC746C}.Debug|Any CPU.Build.0 = Debug|Any CPU
		{4C53950B-09C3-4A3B-879C-1DE48DBC746C}.Release|Any CPU.ActiveCfg = Release|Any CPU
		{4C53950B-09C3-4A3B-879C-1DE48DBC746C}.Release|Any CPU.Build.0 = Release|Any CPU
	EndGlobalSection
	GlobalSection(SolutionProperties) = preSolution
		HideSolutionNode = FALSE
	EndGlobalSection
	GlobalSection(ExtensibilityGlobals) = postSolution
		SolutionGuid = {3DF7996F-0D9F-4E77-B595-49073532A962}
	EndGlobalSection
EndGlobal
